// !$*UTF8*$!
{
	archiveVersion = 1;
	classes = {
	};
	objectVersion = 50;
	objects = {

/* Begin PBXBuildFile section */
		84304B23234A9A3E00467ECC /* AppDelegate.swift in Sources */ = {isa = PBXBuildFile; fileRef = 84304B22234A9A3E00467ECC /* AppDelegate.swift */; };
		84304B2C234A9A4000467ECC /* Assets.xcassets in Resources */ = {isa = PBXBuildFile; fileRef = 84304B2B234A9A4000467ECC /* Assets.xcassets */; };
		84304B2F234A9A4000467ECC /* LaunchScreen.storyboard in Resources */ = {isa = PBXBuildFile; fileRef = 84304B2D234A9A4000467ECC /* LaunchScreen.storyboard */; };
		84304B3A234A9A4000467ECC /* TransformersTests.swift in Sources */ = {isa = PBXBuildFile; fileRef = 84304B39234A9A4000467ECC /* TransformersTests.swift */; };
		84B07712234B6EA700B95B50 /* HomeTableViewController.swift in Sources */ = {isa = PBXBuildFile; fileRef = 84B07711234B6EA700B95B50 /* HomeTableViewController.swift */; };
		84B07717234B816A00B95B50 /* HomeTableViewCell.swift in Sources */ = {isa = PBXBuildFile; fileRef = 84B07716234B816A00B95B50 /* HomeTableViewCell.swift */; };
		84B0771A234B99AD00B95B50 /* UITextView+Extension.swift in Sources */ = {isa = PBXBuildFile; fileRef = 84B07719234B99AD00B95B50 /* UITextView+Extension.swift */; };
		84B0771C234B9CD500B95B50 /* UIView+Extension.swift in Sources */ = {isa = PBXBuildFile; fileRef = 84B0771B234B9CD500B95B50 /* UIView+Extension.swift */; };
		84B0771E234BB51000B95B50 /* EditTransformerViewController.swift in Sources */ = {isa = PBXBuildFile; fileRef = 84B0771D234BB51000B95B50 /* EditTransformerViewController.swift */; };
/* End PBXBuildFile section */

/* Begin PBXContainerItemProxy section */
		84304B36234A9A4000467ECC /* PBXContainerItemProxy */ = {
			isa = PBXContainerItemProxy;
			containerPortal = 84304B17234A9A3E00467ECC /* Project object */;
			proxyType = 1;
			remoteGlobalIDString = 84304B1E234A9A3E00467ECC;
			remoteInfo = Transformers;
		};
/* End PBXContainerItemProxy section */

/* Begin PBXFileReference section */
		84304B1F234A9A3E00467ECC /* Transformers.app */ = {isa = PBXFileReference; explicitFileType = wrapper.application; includeInIndex = 0; path = Transformers.app; sourceTree = BUILT_PRODUCTS_DIR; };
		84304B22234A9A3E00467ECC /* AppDelegate.swift */ = {isa = PBXFileReference; lastKnownFileType = sourcecode.swift; path = AppDelegate.swift; sourceTree = "<group>"; };
		84304B2B234A9A4000467ECC /* Assets.xcassets */ = {isa = PBXFileReference; lastKnownFileType = folder.assetcatalog; path = Assets.xcassets; sourceTree = "<group>"; };
		84304B2E234A9A4000467ECC /* Base */ = {isa = PBXFileReference; lastKnownFileType = file.storyboard; name = Base; path = Base.lproj/LaunchScreen.storyboard; sourceTree = "<group>"; };
		84304B30234A9A4000467ECC /* Info.plist */ = {isa = PBXFileReference; lastKnownFileType = text.plist.xml; path = Info.plist; sourceTree = "<group>"; };
		84304B35234A9A4000467ECC /* TransformersTests.xctest */ = {isa = PBXFileReference; explicitFileType = wrapper.cfbundle; includeInIndex = 0; path = TransformersTests.xctest; sourceTree = BUILT_PRODUCTS_DIR; };
		84304B39234A9A4000467ECC /* TransformersTests.swift */ = {isa = PBXFileReference; lastKnownFileType = sourcecode.swift; path = TransformersTests.swift; sourceTree = "<group>"; };
		84304B3B234A9A4000467ECC /* Info.plist */ = {isa = PBXFileReference; lastKnownFileType = text.plist.xml; path = Info.plist; sourceTree = "<group>"; };
		84B07711234B6EA700B95B50 /* HomeTableViewController.swift */ = {isa = PBXFileReference; lastKnownFileType = sourcecode.swift; path = HomeTableViewController.swift; sourceTree = "<group>"; };
		84B07716234B816A00B95B50 /* HomeTableViewCell.swift */ = {isa = PBXFileReference; lastKnownFileType = sourcecode.swift; path = HomeTableViewCell.swift; sourceTree = "<group>"; };
		84B07719234B99AD00B95B50 /* UITextView+Extension.swift */ = {isa = PBXFileReference; lastKnownFileType = sourcecode.swift; path = "UITextView+Extension.swift"; sourceTree = "<group>"; };
		84B0771B234B9CD500B95B50 /* UIView+Extension.swift */ = {isa = PBXFileReference; lastKnownFileType = sourcecode.swift; path = "UIView+Extension.swift"; sourceTree = "<group>"; };
		84B0771D234BB51000B95B50 /* EditTransformerViewController.swift */ = {isa = PBXFileReference; lastKnownFileType = sourcecode.swift; path = EditTransformerViewController.swift; sourceTree = "<group>"; };
/* End PBXFileReference section */

/* Begin PBXFrameworksBuildPhase section */
		84304B1C234A9A3E00467ECC /* Frameworks */ = {
			isa = PBXFrameworksBuildPhase;
			buildActionMask = 2147483647;
			files = (
			);
			runOnlyForDeploymentPostprocessing = 0;
		};
		84304B32234A9A4000467ECC /* Frameworks */ = {
			isa = PBXFrameworksBuildPhase;
			buildActionMask = 2147483647;
			files = (
			);
			runOnlyForDeploymentPostprocessing = 0;
		};
/* End PBXFrameworksBuildPhase section */

/* Begin PBXGroup section */
		84304B16234A9A3E00467ECC = {
			isa = PBXGroup;
			children = (
				84304B21234A9A3E00467ECC /* Transformers */,
				84304B38234A9A4000467ECC /* TransformersTests */,
				84304B20234A9A3E00467ECC /* Products */,
			);
			sourceTree = "<group>";
		};
		84304B20234A9A3E00467ECC /* Products */ = {
			isa = PBXGroup;
			children = (
				84304B1F234A9A3E00467ECC /* Transformers.app */,
				84304B35234A9A4000467ECC /* TransformersTests.xctest */,
			);
			name = Products;
			sourceTree = "<group>";
		};
		84304B21234A9A3E00467ECC /* Transformers */ = {
			isa = PBXGroup;
			children = (
				84B07715234B80EF00B95B50 /* Model */,
				84B07714234B80E700B95B50 /* View */,
				84B07713234B80D800B95B50 /* Controller */,
				84B07718234B998400B95B50 /* Extensions */,
				84304B22234A9A3E00467ECC /* AppDelegate.swift */,
				84304B2B234A9A4000467ECC /* Assets.xcassets */,
				84304B2D234A9A4000467ECC /* LaunchScreen.storyboard */,
				84304B30234A9A4000467ECC /* Info.plist */,
			);
			path = Transformers;
			sourceTree = "<group>";
		};
		84304B38234A9A4000467ECC /* TransformersTests */ = {
			isa = PBXGroup;
			children = (
				84304B39234A9A4000467ECC /* TransformersTests.swift */,
				84304B3B234A9A4000467ECC /* Info.plist */,
			);
			path = TransformersTests;
			sourceTree = "<group>";
		};
		84B07713234B80D800B95B50 /* Controller */ = {
			isa = PBXGroup;
			children = (
				84B07711234B6EA700B95B50 /* HomeTableViewController.swift */,
				84B0771D234BB51000B95B50 /* EditTransformerViewController.swift */,
			);
			path = Controller;
			sourceTree = "<group>";
		};
		84B07714234B80E700B95B50 /* View */ = {
			isa = PBXGroup;
			children = (
				84B07716234B816A00B95B50 /* HomeTableViewCell.swift */,
			);
			path = View;
			sourceTree = "<group>";
		};
		84B07715234B80EF00B95B50 /* Model */ = {
			isa = PBXGroup;
			children = (
			);
			path = Model;
			sourceTree = "<group>";
		};
		84B07718234B998400B95B50 /* Extensions */ = {
			isa = PBXGroup;
			children = (
				84B07719234B99AD00B95B50 /* UITextView+Extension.swift */,
				84B0771B234B9CD500B95B50 /* UIView+Extension.swift */,
			);
			path = Extensions;
			sourceTree = "<group>";
		};
/* End PBXGroup section */

/* Begin PBXNativeTarget section */
		84304B1E234A9A3E00467ECC /* Transformers */ = {
			isa = PBXNativeTarget;
			buildConfigurationList = 84304B3E234A9A4000467ECC /* Build configuration list for PBXNativeTarget "Transformers" */;
			buildPhases = (
				84304B1B234A9A3E00467ECC /* Sources */,
				84304B1C234A9A3E00467ECC /* Frameworks */,
				84304B1D234A9A3E00467ECC /* Resources */,
			);
			buildRules = (
			);
			dependencies = (
			);
			name = Transformers;
			productName = Transformers;
			productReference = 84304B1F234A9A3E00467ECC /* Transformers.app */;
			productType = "com.apple.product-type.application";
		};
		84304B34234A9A4000467ECC /* TransformersTests */ = {
			isa = PBXNativeTarget;
			buildConfigurationList = 84304B41234A9A4000467ECC /* Build configuration list for PBXNativeTarget "TransformersTests" */;
			buildPhases = (
				84304B31234A9A4000467ECC /* Sources */,
				84304B32234A9A4000467ECC /* Frameworks */,
				84304B33234A9A4000467ECC /* Resources */,
			);
			buildRules = (
			);
			dependencies = (
				84304B37234A9A4000467ECC /* PBXTargetDependency */,
			);
			name = TransformersTests;
			productName = TransformersTests;
			productReference = 84304B35234A9A4000467ECC /* TransformersTests.xctest */;
			productType = "com.apple.product-type.bundle.unit-test";
		};
/* End PBXNativeTarget section */

/* Begin PBXProject section */
		84304B17234A9A3E00467ECC /* Project object */ = {
			isa = PBXProject;
			attributes = {
				LastSwiftUpdateCheck = 1100;
				LastUpgradeCheck = 1100;
				ORGANIZATIONNAME = "Alexander Sundiev";
				TargetAttributes = {
					84304B1E234A9A3E00467ECC = {
						CreatedOnToolsVersion = 11.0;
					};
					84304B34234A9A4000467ECC = {
						CreatedOnToolsVersion = 11.0;
						TestTargetID = 84304B1E234A9A3E00467ECC;
					};
				};
			};
			buildConfigurationList = 84304B1A234A9A3E00467ECC /* Build configuration list for PBXProject "Transformers" */;
			compatibilityVersion = "Xcode 9.3";
			developmentRegion = en;
			hasScannedForEncodings = 0;
			knownRegions = (
				en,
				Base,
			);
			mainGroup = 84304B16234A9A3E00467ECC;
			productRefGroup = 84304B20234A9A3E00467ECC /* Products */;
			projectDirPath = "";
			projectRoot = "";
			targets = (
				84304B1E234A9A3E00467ECC /* Transformers */,
				84304B34234A9A4000467ECC /* TransformersTests */,
			);
		};
/* End PBXProject section */

/* Begin PBXResourcesBuildPhase section */
		84304B1D234A9A3E00467ECC /* Resources */ = {
			isa = PBXResourcesBuildPhase;
			buildActionMask = 2147483647;
			files = (
				84304B2F234A9A4000467ECC /* LaunchScreen.storyboard in Resources */,
				84304B2C234A9A4000467ECC /* Assets.xcassets in Resources */,
			);
			runOnlyForDeploymentPostprocessing = 0;
		};
		84304B33234A9A4000467ECC /* Resources */ = {
			isa = PBXResourcesBuildPhase;
			buildActionMask = 2147483647;
			files = (
			);
			runOnlyForDeploymentPostprocessing = 0;
		};
/* End PBXResourcesBuildPhase section */

/* Begin PBXSourcesBuildPhase section */
		84304B1B234A9A3E00467ECC /* Sources */ = {
			isa = PBXSourcesBuildPhase;
			buildActionMask = 2147483647;
			files = (
				84B0771C234B9CD500B95B50 /* UIView+Extension.swift in Sources */,
				84B0771E234BB51000B95B50 /* EditTransformerViewController.swift in Sources */,
				84B07717234B816A00B95B50 /* HomeTableViewCell.swift in Sources */,
				84B07712234B6EA700B95B50 /* HomeTableViewController.swift in Sources */,
				84B0771A234B99AD00B95B50 /* UITextView+Extension.swift in Sources */,
				84304B23234A9A3E00467ECC /* AppDelegate.swift in Sources */,
			);
			runOnlyForDeploymentPostprocessing = 0;
		};
		84304B31234A9A4000467ECC /* Sources */ = {
			isa = PBXSourcesBuildPhase;
			buildActionMask = 2147483647;
			files = (
				84304B3A234A9A4000467ECC /* TransformersTests.swift in Sources */,
			);
			runOnlyForDeploymentPostprocessing = 0;
		};
/* End PBXSourcesBuildPhase section */

/* Begin PBXTargetDependency section */
		84304B37234A9A4000467ECC /* PBXTargetDependency */ = {
			isa = PBXTargetDependency;
			target = 84304B1E234A9A3E00467ECC /* Transformers */;
			targetProxy = 84304B36234A9A4000467ECC /* PBXContainerItemProxy */;
		};
/* End PBXTargetDependency section */

/* Begin PBXVariantGroup section */
		84304B2D234A9A4000467ECC /* LaunchScreen.storyboard */ = {
			isa = PBXVariantGroup;
			children = (
				84304B2E234A9A4000467ECC /* Base */,
			);
			name = LaunchScreen.storyboard;
			sourceTree = "<group>";
		};
/* End PBXVariantGroup section */

/* Begin XCBuildConfiguration section */
		84304B3C234A9A4000467ECC /* Debug */ = {
			isa = XCBuildConfiguration;
			buildSettings = {
				ALWAYS_SEARCH_USER_PATHS = NO;
				CLANG_ANALYZER_NONNULL = YES;
				CLANG_ANALYZER_NUMBER_OBJECT_CONVERSION = YES_AGGRESSIVE;
				CLANG_CXX_LANGUAGE_STANDARD = "gnu++14";
				CLANG_CXX_LIBRARY = "libc++";
				CLANG_ENABLE_MODULES = YES;
				CLANG_ENABLE_OBJC_ARC = YES;
				CLANG_ENABLE_OBJC_WEAK = YES;
				CLANG_WARN_BLOCK_CAPTURE_AUTORELEASING = YES;
				CLANG_WARN_BOOL_CONVERSION = YES;
				CLANG_WARN_COMMA = YES;
				CLANG_WARN_CONSTANT_CONVERSION = YES;
				CLANG_WARN_DEPRECATED_OBJC_IMPLEMENTATIONS = YES;
				CLANG_WARN_DIRECT_OBJC_ISA_USAGE = YES_ERROR;
				CLANG_WARN_DOCUMENTATION_COMMENTS = YES;
				CLANG_WARN_EMPTY_BODY = YES;
				CLANG_WARN_ENUM_CONVERSION = YES;
				CLANG_WARN_INFINITE_RECURSION = YES;
				CLANG_WARN_INT_CONVERSION = YES;
				CLANG_WARN_NON_LITERAL_NULL_CONVERSION = YES;
				CLANG_WARN_OBJC_IMPLICIT_RETAIN_SELF = YES;
				CLANG_WARN_OBJC_LITERAL_CONVERSION = YES;
				CLANG_WARN_OBJC_ROOT_CLASS = YES_ERROR;
				CLANG_WARN_RANGE_LOOP_ANALYSIS = YES;
				CLANG_WARN_STRICT_PROTOTYPES = YES;
				CLANG_WARN_SUSPICIOUS_MOVE = YES;
				CLANG_WARN_UNGUARDED_AVAILABILITY = YES_AGGRESSIVE;
				CLANG_WARN_UNREACHABLE_CODE = YES;
				CLANG_WARN__DUPLICATE_METHOD_MATCH = YES;
				COPY_PHASE_STRIP = NO;
				DEBUG_INFORMATION_FORMAT = dwarf;
				ENABLE_STRICT_OBJC_MSGSEND = YES;
				ENABLE_TESTABILITY = YES;
				GCC_C_LANGUAGE_STANDARD = gnu11;
				GCC_DYNAMIC_NO_PIC = NO;
				GCC_NO_COMMON_BLOCKS = YES;
				GCC_OPTIMIZATION_LEVEL = 0;
				GCC_PREPROCESSOR_DEFINITIONS = (
					"DEBUG=1",
					"$(inherited)",
				);
				GCC_WARN_64_TO_32_BIT_CONVERSION = YES;
				GCC_WARN_ABOUT_RETURN_TYPE = YES_ERROR;
				GCC_WARN_UNDECLARED_SELECTOR = YES;
				GCC_WARN_UNINITIALIZED_AUTOS = YES_AGGRESSIVE;
				GCC_WARN_UNUSED_FUNCTION = YES;
				GCC_WARN_UNUSED_VARIABLE = YES;
				IPHONEOS_DEPLOYMENT_TARGET = 13.0;
				MTL_ENABLE_DEBUG_INFO = INCLUDE_SOURCE;
				MTL_FAST_MATH = YES;
				ONLY_ACTIVE_ARCH = YES;
				SDKROOT = iphoneos;
				SWIFT_ACTIVE_COMPILATION_CONDITIONS = DEBUG;
				SWIFT_OPTIMIZATION_LEVEL = "-Onone";
			};
			name = Debug;
		};
		84304B3D234A9A4000467ECC /* Release */ = {
			isa = XCBuildConfiguration;
			buildSettings = {
				ALWAYS_SEARCH_USER_PATHS = NO;
				CLANG_ANALYZER_NONNULL = YES;
				CLANG_ANALYZER_NUMBER_OBJECT_CONVERSION = YES_AGGRESSIVE;
				CLANG_CXX_LANGUAGE_STANDARD = "gnu++14";
				CLANG_CXX_LIBRARY = "libc++";
				CLANG_ENABLE_MODULES = YES;
				CLANG_ENABLE_OBJC_ARC = YES;
				CLANG_ENABLE_OBJC_WEAK = YES;
				CLANG_WARN_BLOCK_CAPTURE_AUTORELEASING = YES;
				CLANG_WARN_BOOL_CONVERSION = YES;
				CLANG_WARN_COMMA = YES;
				CLANG_WARN_CONSTANT_CONVERSION = YES;
				CLANG_WARN_DEPRECATED_OBJC_IMPLEMENTATIONS = YES;
				CLANG_WARN_DIRECT_OBJC_ISA_USAGE = YES_ERROR;
				CLANG_WARN_DOCUMENTATION_COMMENTS = YES;
				CLANG_WARN_EMPTY_BODY = YES;
				CLANG_WARN_ENUM_CONVERSION = YES;
				CLANG_WARN_INFINITE_RECURSION = YES;
				CLANG_WARN_INT_CONVERSION = YES;
				CLANG_WARN_NON_LITERAL_NULL_CONVERSION = YES;
				CLANG_WARN_OBJC_IMPLICIT_RETAIN_SELF = YES;
				CLANG_WARN_OBJC_LITERAL_CONVERSION = YES;
				CLANG_WARN_OBJC_ROOT_CLASS = YES_ERROR;
				CLANG_WARN_RANGE_LOOP_ANALYSIS = YES;
				CLANG_WARN_STRICT_PROTOTYPES = YES;
				CLANG_WARN_SUSPICIOUS_MOVE = YES;
				CLANG_WARN_UNGUARDED_AVAILABILITY = YES_AGGRESSIVE;
				CLANG_WARN_UNREACHABLE_CODE = YES;
				CLANG_WARN__DUPLICATE_METHOD_MATCH = YES;
				COPY_PHASE_STRIP = NO;
				DEBUG_INFORMATION_FORMAT = "dwarf-with-dsym";
				ENABLE_NS_ASSERTIONS = NO;
				ENABLE_STRICT_OBJC_MSGSEND = YES;
				GCC_C_LANGUAGE_STANDARD = gnu11;
				GCC_NO_COMMON_BLOCKS = YES;
				GCC_WARN_64_TO_32_BIT_CONVERSION = YES;
				GCC_WARN_ABOUT_RETURN_TYPE = YES_ERROR;
				GCC_WARN_UNDECLARED_SELECTOR = YES;
				GCC_WARN_UNINITIALIZED_AUTOS = YES_AGGRESSIVE;
				GCC_WARN_UNUSED_FUNCTION = YES;
				GCC_WARN_UNUSED_VARIABLE = YES;
				IPHONEOS_DEPLOYMENT_TARGET = 13.0;
				MTL_ENABLE_DEBUG_INFO = NO;
				MTL_FAST_MATH = YES;
				SDKROOT = iphoneos;
				SWIFT_COMPILATION_MODE = wholemodule;
				SWIFT_OPTIMIZATION_LEVEL = "-O";
				VALIDATE_PRODUCT = YES;
			};
			name = Release;
		};
		84304B3F234A9A4000467ECC /* Debug */ = {
			isa = XCBuildConfiguration;
			buildSettings = {
				ASSETCATALOG_COMPILER_APPICON_NAME = AppIcon;
				CODE_SIGN_STYLE = Automatic;
				DEVELOPMENT_TEAM = M8TURMP4NS;
				INFOPLIST_FILE = Transformers/Info.plist;
				IPHONEOS_DEPLOYMENT_TARGET = 10.0;
				LD_RUNPATH_SEARCH_PATHS = (
					"$(inherited)",
					"@executable_path/Frameworks",
				);
				PRODUCT_BUNDLE_IDENTIFIER = com.alexandersundiev.Transformers;
				PRODUCT_NAME = "$(TARGET_NAME)";
				SWIFT_VERSION = 5.0;
				TARGETED_DEVICE_FAMILY = 1;
			};
			name = Debug;
		};
		84304B40234A9A4000467ECC /* Release */ = {
			isa = XCBuildConfiguration;
			buildSettings = {
				ASSETCATALOG_COMPILER_APPICON_NAME = AppIcon;
				CODE_SIGN_STYLE = Automatic;
				DEVELOPMENT_TEAM = M8TURMP4NS;
				INFOPLIST_FILE = Transformers/Info.plist;
				IPHONEOS_DEPLOYMENT_TARGET = 10.0;
				LD_RUNPATH_SEARCH_PATHS = (
					"$(inherited)",
					"@executable_path/Frameworks",
				);
				PRODUCT_BUNDLE_IDENTIFIER = com.alexandersundiev.Transformers;
				PRODUCT_NAME = "$(TARGET_NAME)";
				SWIFT_VERSION = 5.0;
				TARGETED_DEVICE_FAMILY = 1;
			};
			name = Release;
		};
		84304B42234A9A4000467ECC /* Debug */ = {
			isa = XCBuildConfiguration;
			buildSettings = {
				ALWAYS_EMBED_SWIFT_STANDARD_LIBRARIES = YES;
				BUNDLE_LOADER = "$(TEST_HOST)";
				CODE_SIGN_STYLE = Automatic;
				DEVELOPMENT_TEAM = M8TURMP4NS;
				INFOPLIST_FILE = TransformersTests/Info.plist;
				IPHONEOS_DEPLOYMENT_TARGET = 13.0;
				LD_RUNPATH_SEARCH_PATHS = (
					"$(inherited)",
					"@executable_path/Frameworks",
					"@loader_path/Frameworks",
				);
				PRODUCT_BUNDLE_IDENTIFIER = com.alexandersundiev.TransformersTests;
				PRODUCT_NAME = "$(TARGET_NAME)";
				SWIFT_VERSION = 5.0;
				TARGETED_DEVICE_FAMILY = "1,2";
				TEST_HOST = "$(BUILT_PRODUCTS_DIR)/Transformers.app/Transformers";
			};
			name = Debug;
		};
		84304B43234A9A4000467ECC /* Release */ = {
			isa = XCBuildConfiguration;
			buildSettings = {
				ALWAYS_EMBED_SWIFT_STANDARD_LIBRARIES = YES;
				BUNDLE_LOADER = "$(TEST_HOST)";
				CODE_SIGN_STYLE = Automatic;
				DEVELOPMENT_TEAM = M8TURMP4NS;
				INFOPLIST_FILE = TransformersTests/Info.plist;
				IPHONEOS_DEPLOYMENT_TARGET = 13.0;
				LD_RUNPATH_SEARCH_PATHS = (
					"$(inherited)",
					"@executable_path/Frameworks",
					"@loader_path/Frameworks",
				);
				PRODUCT_BUNDLE_IDENTIFIER = com.alexandersundiev.TransformersTests;
				PRODUCT_NAME = "$(TARGET_NAME)";
				SWIFT_VERSION = 5.0;
				TARGETED_DEVICE_FAMILY = "1,2";
				TEST_HOST = "$(BUILT_PRODUCTS_DIR)/Transformers.app/Transformers";
			};
			name = Release;
		};
/* End XCBuildConfiguration section */

/* Begin XCConfigurationList section */
		84304B1A234A9A3E00467ECC /* Build configuration list for PBXProject "Transformers" */ = {
			isa = XCConfigurationList;
			buildConfigurations = (
				84304B3C234A9A4000467ECC /* Debug */,
				84304B3D234A9A4000467ECC /* Release */,
			);
			defaultConfigurationIsVisible = 0;
			defaultConfigurationName = Release;
		};
		84304B3E234A9A4000467ECC /* Build configuration list for PBXNativeTarget "Transformers" */ = {
			isa = XCConfigurationList;
			buildConfigurations = (
				84304B3F234A9A4000467ECC /* Debug */,
				84304B40234A9A4000467ECC /* Release */,
			);
			defaultConfigurationIsVisible = 0;
			defaultConfigurationName = Release;
		};
		84304B41234A9A4000467ECC /* Build configuration list for PBXNativeTarget "TransformersTests" */ = {
			isa = XCConfigurationList;
			buildConfigurations = (
				84304B42234A9A4000467ECC /* Debug */,
				84304B43234A9A4000467ECC /* Release */,
			);
			defaultConfigurationIsVisible = 0;
			defaultConfigurationName = Release;
		};
/* End XCConfigurationList section */
	};
	rootObject = 84304B17234A9A3E00467ECC /* Project object */;
}
